
Microsoft Visual Studio Solution File, Format Version 12.00
# Visual Studio Version 16
VisualStudioVersion = 16.0.30014.187
MinimumVisualStudioVersion = 10.0.40219.1
Project("{9A19103F-16F7-4668-BE54-9A1E7A4F7556}") = "Azure.Core.Data", "Azure.Core.Data\Azure.Core.Data.csproj", "{05A08022-4BA5-41CD-8E44-3CE07359DAC4}"
EndProject
Project("{FAE04EC0-301F-11D3-BF4B-00C04F79EFBC}") = "Azure.Core.Data.Tests", "Azure.Core.Data.Tests\Azure.Core.Data.Tests.csproj", "{66128EC6-238A-460E-A075-3E81813620E1}"
EndProject
Global
	GlobalSection(SolutionConfigurationPlatforms) = preSolution
		Debug|Any CPU = Debug|Any CPU
		Release|Any CPU = Release|Any CPU
	EndGlobalSection
	GlobalSection(ProjectConfigurationPlatforms) = postSolution
		{05A08022-4BA5-41CD-8E44-3CE07359DAC4}.Debug|Any CPU.ActiveCfg = Debug|Any CPU
		{05A08022-4BA5-41CD-8E44-3CE07359DAC4}.Debug|Any CPU.Build.0 = Debug|Any CPU
		{05A08022-4BA5-41CD-8E44-3CE07359DAC4}.Release|Any CPU.ActiveCfg = Release|Any CPU
		{05A08022-4BA5-41CD-8E44-3CE07359DAC4}.Release|Any CPU.Build.0 = Release|Any CPU
		{66128EC6-238A-460E-A075-3E81813620E1}.Debug|Any CPU.ActiveCfg = Debug|Any CPU
		{66128EC6-238A-460E-A075-3E81813620E1}.Debug|Any CPU.Build.0 = Debug|Any CPU
		{66128EC6-238A-460E-A075-3E81813620E1}.Release|Any CPU.ActiveCfg = Release|Any CPU
		{66128EC6-238A-460E-A075-3E81813620E1}.Release|Any CPU.Build.0 = Release|Any CPU
	EndGlobalSection
	GlobalSection(SolutionProperties) = preSolution
		HideSolutionNode = FALSE
	EndGlobalSection
	GlobalSection(ExtensibilityGlobals) = postSolution
		SolutionGuid = {FA715C44-0B46-40C3-9C1E-15CE9393A246}
	EndGlobalSection
EndGlobal
